
Microsoft Visual Studio Solution File, Format Version 12.00
# Visual Studio Version 17
VisualStudioVersion = 17.4.33213.308
MinimumVisualStudioVersion = 10.0.40219.1
Project("{FAE04EC0-301F-11D3-BF4B-00C04F79EFBC}") = "ErtekelesX", "ErtekelesX.csproj", "{BC19E0DA-10A5-45E8-A000-FC34CC7759EE}"
EndProject
Global
	GlobalSection(SolutionConfigurationPlatforms) = preSolution
		Debug|Any CPU = Debug|Any CPU
		Release|Any CPU = Release|Any CPU
	EndGlobalSection
	GlobalSection(ProjectConfigurationPlatforms) = postSolution
		{BC19E0DA-10A5-45E8-A000-FC34CC7759EE}.Debug|Any CPU.ActiveCfg = Debug|Any CPU
		{BC19E0DA-10A5-45E8-A000-FC34CC7759EE}.Debug|Any CPU.Build.0 = Debug|Any CPU
		{BC19E0DA-10A5-45E8-A000-FC34CC7759EE}.Release|Any CPU.ActiveCfg = Release|Any CPU
		{BC19E0DA-10A5-45E8-A000-FC34CC7759EE}.Release|Any CPU.Build.0 = Release|Any CPU
	EndGlobalSection
	GlobalSection(SolutionProperties) = preSolution
		HideSolutionNode = FALSE
	EndGlobalSection
	GlobalSection(ExtensibilityGlobals) = postSolution
		SolutionGuid = {800FCC90-64A2-42A4-BA65-49C796C5F1EF}
	EndGlobalSection
EndGlobal
